
Microsoft Visual Studio Solution File, Format Version 12.00
# Visual Studio Version 17
VisualStudioVersion = 17.9.34728.123
MinimumVisualStudioVersion = 10.0.40219.1
Project("{FAE04EC0-301F-11D3-BF4B-00C04F79EFBC}") = "5by5-ManipularArquivos", "5by5-ManipularArquivos\5by5-ManipularArquivos.csproj", "{2520045F-7717-4EE0-949B-0E0A52CEB978}"
EndProject
Global
	GlobalSection(SolutionConfigurationPlatforms) = preSolution
		Debug|Any CPU = Debug|Any CPU
		Release|Any CPU = Release|Any CPU
	EndGlobalSection
	GlobalSection(ProjectConfigurationPlatforms) = postSolution
		{2520045F-7717-4EE0-949B-0E0A52CEB978}.Debug|Any CPU.ActiveCfg = Debug|Any CPU
		{2520045F-7717-4EE0-949B-0E0A52CEB978}.Debug|Any CPU.Build.0 = Debug|Any CPU
		{2520045F-7717-4EE0-949B-0E0A52CEB978}.Release|Any CPU.ActiveCfg = Release|Any CPU
		{2520045F-7717-4EE0-949B-0E0A52CEB978}.Release|Any CPU.Build.0 = Release|Any CPU
	EndGlobalSection
	GlobalSection(SolutionProperties) = preSolution
		HideSolutionNode = FALSE
	EndGlobalSection
	GlobalSection(ExtensibilityGlobals) = postSolution
		SolutionGuid = {38F6F3FB-254F-40BC-9F0B-44FC3195FFF2}
	EndGlobalSection
EndGlobal
